hash: 503a43d11a9e9d5a68186fed6e84d0cef2a88176202fba7734160af24368b49b
updated: 2018-03-11T12:16:33.797135044-03:00
imports:
- name: github.com/cenkalti/backoff
  version: 2ea60e5f094469f9e65adb9cd103795b73ae743e
- name: github.com/davecgh/go-spew
  version: 346938d642f2ec3594ed81d874461961cd0faa76
  subpackages:
  - spew
- name: github.com/erikstmartin/go-testdb
  version: 8d10e4a1bae52cd8b81ffdec3445890d6dccab3d
- name: github.com/garyburd/redigo
  version: a69d19351219b6dd56f274f96d85a7014a2ec34e
  subpackages:
  - internal
  - redis
- name: github.com/go-redis/redis
  version: 9133634a132e00309476e2d9acbf0c8058d4c888
  subpackages:
  - internal
  - internal/consistenthash
  - internal/hashtag
  - internal/pool
  - internal/proto
  - internal/singleflight
  - internal/util
- name: github.com/gobwas/httphead
  version: 2c6c146eadee0b69f856f87e3e9f1d0cd6aad2f5
- name: github.com/gobwas/pool
  version: e294a5482d9a8523f8e6b2744ea2185083c838af
  subpackages:
  - pbufio
  - pbytes
- name: github.com/gobwas/ws
  version: c8595a6266aa8b97b14e7406cf059cd240b34100
  subpackages:
  - wsutil
- name: github.com/gocraft/work
  version: 85f9368380a04c40f55df767077154846ac819e2
- name: github.com/golang/protobuf
  version: 925541529c1fa6821df4e44ce2723319eb2be768
  subpackages:
  - proto
- name: github.com/grandcat/zeroconf
  version: 8219919fca892353a082b184bca66db55c55b583
- name: github.com/influxdata/influxdb
  version: 6ac835404e7e64ea7299a6eebcce1ab1ef15fe3c
  subpackages:
  - client/v2
  - models
  - pkg/escape
- name: github.com/kellydunn/golang-geo
  version: 0862dac374594467ff6cc454c7cc974536e039b2
- name: github.com/kylelemons/go-gypsy
  version: 08cad365cd28a7fba23bb1e57aa43c5e18ad8bb8
  subpackages:
  - yaml
- name: github.com/lib/pq
  version: 88edab0803230a3898347e77b474f8c1820a1f20
  subpackages:
  - oid
- name: github.com/miekg/dns
  version: 5364553f1ee9cddc7ac8b62dce148309c386695b
- name: github.com/nats-io/go-nats
  version: d66cb54e6b7bdd93f0b28afc8450d84c780dfb68
  subpackages:
  - encoders/builtin
  - util
- name: github.com/nats-io/nuid
  version: 33c603157d6fd1b0ac2599bcc4a286b36479a06d
- name: github.com/perenecabuto/CatchCatch
  version: d225c14393c9c1ece7901ed855dffb1c9d6ac095
  subpackages:
  - server/core
  - server/execfunc
  - server/game
  - server/metrics
  - server/model
  - server/protobuf
  - server/service
  - server/service/messages
  - server/service/repository
  - server/websocket
- name: github.com/pkg/errors
  version: 30136e27e2ac8d167177e8a583aa4c3fea5be833
- name: github.com/pmezard/go-difflib
  version: 792786c7400a136282c1664665ae0a8db921c6c2
  subpackages:
  - difflib
- name: github.com/quorzz/redis-protocol
  version: 8cdae60e7b8a0435899eeeee0f40f2d2cd495aa3
- name: github.com/robfig/cron
  version: 2315d5715e36303a941d907f038da7f7c44c773b
- name: github.com/satori/go.uuid
  version: f58768cc1a7a7e77a3bd49e98cdd21419399b6a3
- name: github.com/stretchr/objx
  version: 8a3f7159479fbc75b30357fbc48f380b7320f08e
- name: github.com/stretchr/testify
  version: 12b6f73e6084dad08a7c6e575284b177ecafbc71
  subpackages:
  - assert
  - mock
  - require
- name: github.com/tevjef/go-runtime-metrics
  version: 527a540293077c77cf70479bbf9f8efb9f818cb2
  subpackages:
  - collector
  - expvar
  - influxdb
- name: github.com/tidwall/gjson
  version: 01f00f129617a6fe98941fb920d6c760241b54d2
- name: github.com/tidwall/match
  version: 1731857f09b1f38450e2c12409748407822dc6be
- name: github.com/tidwall/sjson
  version: 6a22caf2fd45d5e2119bfc3717e984f15a7eb7ee
- name: github.com/ziutek/mymysql
  version: ff6cc86d3d933e6c0e3185a19fb46e171a7651b2
  subpackages:
  - godrv
  - mysql
  - native
- name: golang.org/x/crypto
  version: 9477e0b78b9ac3d0b03822fd95422e2fe07627cd
  subpackages:
  - ed25519
  - ed25519/internal/edwards25519
- name: golang.org/x/net
  version: 9dfe39835686865bff950a07b394c12a98ddc811
  subpackages:
  - bpf
  - context
  - internal/iana
  - internal/socket
  - ipv4
  - ipv6
  - websocket
- name: golang.org/x/sys
  version: 062cd7e4e68206d8bab9b18396626e855c992658
  subpackages:
  - unix
testImports:
- name: github.com/gogo/protobuf
  version: 1adfc126b41513cc696b209667c8656ea7aac67c
  subpackages:
  - proto
